
Microsoft Visual Studio Solution File, Format Version 11.00
# Visual Studio 2010
Project("{FAE04EC0-301F-11D3-BF4B-00C04F79EFBC}") = "ProjectXServer", "ProjectXServer\ProjectXServer.csproj", "{5C444BEA-3964-4033-8036-0189B7CA333A}"
EndProject
Project("{FAE04EC0-301F-11D3-BF4B-00C04F79EFBC}") = "Messages", "ProjectXServer\Messages\Messages.csproj", "{E701B4D6-4482-4410-A2A8-85BE22D2A539}"
EndProject
Project("{FAE04EC0-301F-11D3-BF4B-00C04F79EFBC}") = "NetSyncObject", "NetSyncObject\NetSyncObject.csproj", "{1607D04E-D890-4F13-A6F4-93F972339170}"
EndProject
Project("{FAE04EC0-301F-11D3-BF4B-00C04F79EFBC}") = "Messages WP7", "Messages WP7\Messages WP7.csproj", "{98084D07-FA3A-4872-89E2-FEDE0A6B7366}"
EndProject
Project("{FAE04EC0-301F-11D3-BF4B-00C04F79EFBC}") = "Messages7", "Messages7\Messages7.csproj", "{DAB1B45F-E5C2-400F-B495-7DDE7A03B34E}"
EndProject
Global
	GlobalSection(SolutionConfigurationPlatforms) = preSolution
		Debug|Any CPU = Debug|Any CPU
		Debug|Mixed Platforms = Debug|Mixed Platforms
		Debug|Windows Phone = Debug|Windows Phone
		Debug|x86 = Debug|x86
		Release|Any CPU = Release|Any CPU
		Release|Mixed Platforms = Release|Mixed Platforms
		Release|Windows Phone = Release|Windows Phone
		Release|x86 = Release|x86
	EndGlobalSection
	GlobalSection(ProjectConfigurationPlatforms) = postSolution
		{5C444BEA-3964-4033-8036-0189B7CA333A}.Debug|Any CPU.ActiveCfg = Debug|x86
		{5C444BEA-3964-4033-8036-0189B7CA333A}.Debug|Mixed Platforms.ActiveCfg = Debug|x86
		{5C444BEA-3964-4033-8036-0189B7CA333A}.Debug|Mixed Platforms.Build.0 = Debug|x86
		{5C444BEA-3964-4033-8036-0189B7CA333A}.Debug|Windows Phone.ActiveCfg = Debug|x86
		{5C444BEA-3964-4033-8036-0189B7CA333A}.Debug|x86.ActiveCfg = Debug|x86
		{5C444BEA-3964-4033-8036-0189B7CA333A}.Debug|x86.Build.0 = Debug|x86
		{5C444BEA-3964-4033-8036-0189B7CA333A}.Release|Any CPU.ActiveCfg = Release|x86
		{5C444BEA-3964-4033-8036-0189B7CA333A}.Release|Mixed Platforms.ActiveCfg = Release|x86
		{5C444BEA-3964-4033-8036-0189B7CA333A}.Release|Mixed Platforms.Build.0 = Release|x86
		{5C444BEA-3964-4033-8036-0189B7CA333A}.Release|Windows Phone.ActiveCfg = Release|x86
		{5C444BEA-3964-4033-8036-0189B7CA333A}.Release|x86.ActiveCfg = Release|x86
		{5C444BEA-3964-4033-8036-0189B7CA333A}.Release|x86.Build.0 = Release|x86
		{E701B4D6-4482-4410-A2A8-85BE22D2A539}.Debug|Any CPU.ActiveCfg = Debug|Any CPU
		{E701B4D6-4482-4410-A2A8-85BE22D2A539}.Debug|Any CPU.Build.0 = Debug|Any CPU
		{E701B4D6-4482-4410-A2A8-85BE22D2A539}.Debug|Mixed Platforms.ActiveCfg = Debug|Any CPU
		{E701B4D6-4482-4410-A2A8-85BE22D2A539}.Debug|Mixed Platforms.Build.0 = Debug|Any CPU
		{E701B4D6-4482-4410-A2A8-85BE22D2A539}.Debug|Windows Phone.ActiveCfg = Debug|Any CPU
		{E701B4D6-4482-4410-A2A8-85BE22D2A539}.Debug|x86.ActiveCfg = Debug|Any CPU
		{E701B4D6-4482-4410-A2A8-85BE22D2A539}.Release|Any CPU.ActiveCfg = Release|Any CPU
		{E701B4D6-4482-4410-A2A8-85BE22D2A539}.Release|Any CPU.Build.0 = Release|Any CPU
		{E701B4D6-4482-4410-A2A8-85BE22D2A539}.Release|Mixed Platforms.ActiveCfg = Release|Any CPU
		{E701B4D6-4482-4410-A2A8-85BE22D2A539}.Release|Mixed Platforms.Build.0 = Release|Any CPU
		{E701B4D6-4482-4410-A2A8-85BE22D2A539}.Release|Windows Phone.ActiveCfg = Release|Any CPU
		{E701B4D6-4482-4410-A2A8-85BE22D2A539}.Release|x86.ActiveCfg = Release|Any CPU
		{1607D04E-D890-4F13-A6F4-93F972339170}.Debug|Any CPU.ActiveCfg = Debug|Any CPU
		{1607D04E-D890-4F13-A6F4-93F972339170}.Debug|Any CPU.Build.0 = Debug|Any CPU
		{1607D04E-D890-4F13-A6F4-93F972339170}.Debug|Mixed Platforms.ActiveCfg = Debug|Any CPU
		{1607D04E-D890-4F13-A6F4-93F972339170}.Debug|Mixed Platforms.Build.0 = Debug|Any CPU
		{1607D04E-D890-4F13-A6F4-93F972339170}.Debug|Windows Phone.ActiveCfg = Debug|Any CPU
		{1607D04E-D890-4F13-A6F4-93F972339170}.Debug|x86.ActiveCfg = Debug|Any CPU
		{1607D04E-D890-4F13-A6F4-93F972339170}.Release|Any CPU.ActiveCfg = Release|Any CPU
		{1607D04E-D890-4F13-A6F4-93F972339170}.Release|Any CPU.Build.0 = Release|Any CPU
		{1607D04E-D890-4F13-A6F4-93F972339170}.Release|Mixed Platforms.ActiveCfg = Release|Any CPU
		{1607D04E-D890-4F13-A6F4-93F972339170}.Release|Mixed Platforms.Build.0 = Release|Any CPU
		{1607D04E-D890-4F13-A6F4-93F972339170}.Release|Windows Phone.ActiveCfg = Release|Any CPU
		{1607D04E-D890-4F13-A6F4-93F972339170}.Release|x86.ActiveCfg = Release|Any CPU
		{98084D07-FA3A-4872-89E2-FEDE0A6B7366}.Debug|Any CPU.ActiveCfg = Debug|Any CPU
		{98084D07-FA3A-4872-89E2-FEDE0A6B7366}.Debug|Any CPU.Build.0 = Debug|Any CPU
		{98084D07-FA3A-4872-89E2-FEDE0A6B7366}.Debug|Mixed Platforms.ActiveCfg = Debug|Any CPU
		{98084D07-FA3A-4872-89E2-FEDE0A6B7366}.Debug|Mixed Platforms.Build.0 = Debug|Any CPU
		{98084D07-FA3A-4872-89E2-FEDE0A6B7366}.Debug|Windows Phone.ActiveCfg = Debug|Any CPU
		{98084D07-FA3A-4872-89E2-FEDE0A6B7366}.Debug|x86.ActiveCfg = Debug|Any CPU
		{98084D07-FA3A-4872-89E2-FEDE0A6B7366}.Release|Any CPU.ActiveCfg = Release|Any CPU
		{98084D07-FA3A-4872-89E2-FEDE0A6B7366}.Release|Any CPU.Build.0 = Release|Any CPU
		{98084D07-FA3A-4872-89E2-FEDE0A6B7366}.Release|Mixed Platforms.ActiveCfg = Release|Any CPU
		{98084D07-FA3A-4872-89E2-FEDE0A6B7366}.Release|Mixed Platforms.Build.0 = Release|Any CPU
		{98084D07-FA3A-4872-89E2-FEDE0A6B7366}.Release|Windows Phone.ActiveCfg = Release|Any CPU
		{98084D07-FA3A-4872-89E2-FEDE0A6B7366}.Release|x86.ActiveCfg = Release|Any CPU
		{DAB1B45F-E5C2-400F-B495-7DDE7A03B34E}.Debug|Any CPU.ActiveCfg = Debug|Windows Phone
		{DAB1B45F-E5C2-400F-B495-7DDE7A03B34E}.Debug|Mixed Platforms.ActiveCfg = Debug|Windows Phone
		{DAB1B45F-E5C2-400F-B495-7DDE7A03B34E}.Debug|Mixed Platforms.Build.0 = Debug|Windows Phone
		{DAB1B45F-E5C2-400F-B495-7DDE7A03B34E}.Debug|Windows Phone.ActiveCfg = Debug|Windows Phone
		{DAB1B45F-E5C2-400F-B495-7DDE7A03B34E}.Debug|Windows Phone.Build.0 = Debug|Windows Phone
		{DAB1B45F-E5C2-400F-B495-7DDE7A03B34E}.Debug|x86.ActiveCfg = Debug|Windows Phone
		{DAB1B45F-E5C2-400F-B495-7DDE7A03B34E}.Release|Any CPU.ActiveCfg = Release|Windows Phone
		{DAB1B45F-E5C2-400F-B495-7DDE7A03B34E}.Release|Mixed Platforms.ActiveCfg = Release|Windows Phone
		{DAB1B45F-E5C2-400F-B495-7DDE7A03B34E}.Release|Mixed Platforms.Build.0 = Release|Windows Phone
		{DAB1B45F-E5C2-400F-B495-7DDE7A03B34E}.Release|Windows Phone.ActiveCfg = Release|Windows Phone
		{DAB1B45F-E5C2-400F-B495-7DDE7A03B34E}.Release|Windows Phone.Build.0 = Release|Windows Phone
		{DAB1B45F-E5C2-400F-B495-7DDE7A03B34E}.Release|x86.ActiveCfg = Release|Windows Phone
	EndGlobalSection
	GlobalSection(SolutionProperties) = preSolution
		HideSolutionNode = FALSE
	EndGlobalSection
EndGlobal
